
Microsoft Visual Studio Solution File, Format Version 12.00
# Visual Studio Version 16
VisualStudioVersion = 16.0.29509.3
MinimumVisualStudioVersion = 10.0.40219.1
Project("{2150E333-8FDC-42A3-9474-1A3956D46DE8}") = "1 - Presentation", "1 - Presentation", "{031439F8-04EF-4729-A4FD-9B52E00DD8CA}"
EndProject
Project("{9A19103F-16F7-4668-BE54-9A1E7A4F7556}") = "Presentation.Api", "src\Presentation\Presentation.Api.csproj", "{A56F2F44-8C97-4564-87E2-10B8AB4ADEAF}"
EndProject
Project("{2150E333-8FDC-42A3-9474-1A3956D46DE8}") = "2 - Application", "2 - Application", "{D30E9E12-EFD8-4192-A578-67EBDD1EA051}"
EndProject
Project("{9A19103F-16F7-4668-BE54-9A1E7A4F7556}") = "Application.Services", "src\Application\Application.Services\Application.Services.csproj", "{2668617D-9D83-4929-BB9C-5D097ABEB550}"
EndProject
Project("{9A19103F-16F7-4668-BE54-9A1E7A4F7556}") = "Application.Dto", "src\Application\Application.Dto\Application.Dto.csproj", "{7A2403F2-B551-457F-8314-58ACA82512C6}"
EndProject
Project("{2150E333-8FDC-42A3-9474-1A3956D46DE8}") = "4 - Infrastructure", "4 - Infrastructure", "{B00EC7B4-A9EA-4763-AD15-CF11C642F777}"
EndProject
Project("{9A19103F-16F7-4668-BE54-9A1E7A4F7556}") = "Infrastructure.CrossCutting", "src\Infrastructure\Infrastructure.CrossCutting\Infrastructure.CrossCutting.csproj", "{8EC959BC-B2CC-4348-8CA6-109C9970DE09}"
EndProject
Project("{9A19103F-16F7-4668-BE54-9A1E7A4F7556}") = "Presentation.Api.Tests", "tests\Presentation.Api.Tests\Presentation.Api.Tests.csproj", "{2F63CE3B-B79B-4F8D-82CC-3729FAC6B8C8}"
EndProject
Project("{9A19103F-16F7-4668-BE54-9A1E7A4F7556}") = "Application.Services.Tests", "tests\Application.Services.Tests\Application.Services.Tests.csproj", "{970DB25A-B117-492F-9BDF-4ABCE60EAE74}"
EndProject
Project("{2150E333-8FDC-42A3-9474-1A3956D46DE8}") = "src", "src", "{EBE692BB-52AF-44F5-A541-9FFF21764DC8}"
EndProject
Project("{2150E333-8FDC-42A3-9474-1A3956D46DE8}") = "3 - Data", "3 - Data", "{9A7A7BA8-56F6-42BE-91AC-E9F4907EFC2E}"
EndProject
Project("{9A19103F-16F7-4668-BE54-9A1E7A4F7556}") = "Data.Repository", "src\Data.Repository\Data.Repository.csproj", "{F016CD4D-0B0E-4229-9112-FB1955F65936}"
EndProject
Project("{2150E333-8FDC-42A3-9474-1A3956D46DE8}") = "tests", "tests", "{8171FF46-4B0F-4011-978D-6A8BBD57085A}"
EndProject
Project("{2150E333-8FDC-42A3-9474-1A3956D46DE8}") = "tests", "tests", "{D3A2DC52-68BF-4006-B725-38A689E69511}"
EndProject
Project("{FAE04EC0-301F-11D3-BF4B-00C04F79EFBC}") = "Application.Dto.Tests", "tests\Application.Dto.Tests\Application.Dto.Tests.csproj", "{951EF5A3-ACAC-44DA-856F-2956BE9CBA2D}"
EndProject
Global
	GlobalSection(SolutionConfigurationPlatforms) = preSolution
		Debug|Any CPU = Debug|Any CPU
		Release|Any CPU = Release|Any CPU
	EndGlobalSection
	GlobalSection(ProjectConfigurationPlatforms) = postSolution
		{A56F2F44-8C97-4564-87E2-10B8AB4ADEAF}.Debug|Any CPU.ActiveCfg = Debug|Any CPU
		{A56F2F44-8C97-4564-87E2-10B8AB4ADEAF}.Debug|Any CPU.Build.0 = Debug|Any CPU
		{A56F2F44-8C97-4564-87E2-10B8AB4ADEAF}.Release|Any CPU.ActiveCfg = Release|Any CPU
		{A56F2F44-8C97-4564-87E2-10B8AB4ADEAF}.Release|Any CPU.Build.0 = Release|Any CPU
		{2668617D-9D83-4929-BB9C-5D097ABEB550}.Debug|Any CPU.ActiveCfg = Debug|Any CPU
		{2668617D-9D83-4929-BB9C-5D097ABEB550}.Debug|Any CPU.Build.0 = Debug|Any CPU
		{2668617D-9D83-4929-BB9C-5D097ABEB550}.Release|Any CPU.ActiveCfg = Release|Any CPU
		{2668617D-9D83-4929-BB9C-5D097ABEB550}.Release|Any CPU.Build.0 = Release|Any CPU
		{7A2403F2-B551-457F-8314-58ACA82512C6}.Debug|Any CPU.ActiveCfg = Debug|Any CPU
		{7A2403F2-B551-457F-8314-58ACA82512C6}.Debug|Any CPU.Build.0 = Debug|Any CPU
		{7A2403F2-B551-457F-8314-58ACA82512C6}.Release|Any CPU.ActiveCfg = Release|Any CPU
		{7A2403F2-B551-457F-8314-58ACA82512C6}.Release|Any CPU.Build.0 = Release|Any CPU
		{8EC959BC-B2CC-4348-8CA6-109C9970DE09}.Debug|Any CPU.ActiveCfg = Debug|Any CPU
		{8EC959BC-B2CC-4348-8CA6-109C9970DE09}.Debug|Any CPU.Build.0 = Debug|Any CPU
		{8EC959BC-B2CC-4348-8CA6-109C9970DE09}.Release|Any CPU.ActiveCfg = Release|Any CPU
		{8EC959BC-B2CC-4348-8CA6-109C9970DE09}.Release|Any CPU.Build.0 = Release|Any CPU
		{2F63CE3B-B79B-4F8D-82CC-3729FAC6B8C8}.Debug|Any CPU.ActiveCfg = Debug|Any CPU
		{2F63CE3B-B79B-4F8D-82CC-3729FAC6B8C8}.Debug|Any CPU.Build.0 = Debug|Any CPU
		{2F63CE3B-B79B-4F8D-82CC-3729FAC6B8C8}.Release|Any CPU.ActiveCfg = Release|Any CPU
		{2F63CE3B-B79B-4F8D-82CC-3729FAC6B8C8}.Release|Any CPU.Build.0 = Release|Any CPU
		{970DB25A-B117-492F-9BDF-4ABCE60EAE74}.Debug|Any CPU.ActiveCfg = Debug|Any CPU
		{970DB25A-B117-492F-9BDF-4ABCE60EAE74}.Debug|Any CPU.Build.0 = Debug|Any CPU
		{970DB25A-B117-492F-9BDF-4ABCE60EAE74}.Release|Any CPU.ActiveCfg = Release|Any CPU
		{970DB25A-B117-492F-9BDF-4ABCE60EAE74}.Release|Any CPU.Build.0 = Release|Any CPU
		{F016CD4D-0B0E-4229-9112-FB1955F65936}.Debug|Any CPU.ActiveCfg = Debug|Any CPU
		{F016CD4D-0B0E-4229-9112-FB1955F65936}.Debug|Any CPU.Build.0 = Debug|Any CPU
		{F016CD4D-0B0E-4229-9112-FB1955F65936}.Release|Any CPU.ActiveCfg = Release|Any CPU
		{F016CD4D-0B0E-4229-9112-FB1955F65936}.Release|Any CPU.Build.0 = Release|Any CPU
		{951EF5A3-ACAC-44DA-856F-2956BE9CBA2D}.Debug|Any CPU.ActiveCfg = Debug|Any CPU
		{951EF5A3-ACAC-44DA-856F-2956BE9CBA2D}.Debug|Any CPU.Build.0 = Debug|Any CPU
		{951EF5A3-ACAC-44DA-856F-2956BE9CBA2D}.Release|Any CPU.ActiveCfg = Release|Any CPU
		{951EF5A3-ACAC-44DA-856F-2956BE9CBA2D}.Release|Any CPU.Build.0 = Release|Any CPU
	EndGlobalSection
	GlobalSection(SolutionProperties) = preSolution
		HideSolutionNode = FALSE
	EndGlobalSection
	GlobalSection(NestedProjects) = preSolution
		{031439F8-04EF-4729-A4FD-9B52E00DD8CA} = {EBE692BB-52AF-44F5-A541-9FFF21764DC8}
		{A56F2F44-8C97-4564-87E2-10B8AB4ADEAF} = {031439F8-04EF-4729-A4FD-9B52E00DD8CA}
		{D30E9E12-EFD8-4192-A578-67EBDD1EA051} = {EBE692BB-52AF-44F5-A541-9FFF21764DC8}
		{2668617D-9D83-4929-BB9C-5D097ABEB550} = {D30E9E12-EFD8-4192-A578-67EBDD1EA051}
		{7A2403F2-B551-457F-8314-58ACA82512C6} = {D30E9E12-EFD8-4192-A578-67EBDD1EA051}
		{B00EC7B4-A9EA-4763-AD15-CF11C642F777} = {EBE692BB-52AF-44F5-A541-9FFF21764DC8}
		{8EC959BC-B2CC-4348-8CA6-109C9970DE09} = {B00EC7B4-A9EA-4763-AD15-CF11C642F777}
		{2F63CE3B-B79B-4F8D-82CC-3729FAC6B8C8} = {D3A2DC52-68BF-4006-B725-38A689E69511}
		{970DB25A-B117-492F-9BDF-4ABCE60EAE74} = {8171FF46-4B0F-4011-978D-6A8BBD57085A}
		{9A7A7BA8-56F6-42BE-91AC-E9F4907EFC2E} = {EBE692BB-52AF-44F5-A541-9FFF21764DC8}
		{F016CD4D-0B0E-4229-9112-FB1955F65936} = {9A7A7BA8-56F6-42BE-91AC-E9F4907EFC2E}
		{8171FF46-4B0F-4011-978D-6A8BBD57085A} = {D30E9E12-EFD8-4192-A578-67EBDD1EA051}
		{D3A2DC52-68BF-4006-B725-38A689E69511} = {031439F8-04EF-4729-A4FD-9B52E00DD8CA}
		{951EF5A3-ACAC-44DA-856F-2956BE9CBA2D} = {8171FF46-4B0F-4011-978D-6A8BBD57085A}
	EndGlobalSection
	GlobalSection(ExtensibilityGlobals) = postSolution
		SolutionGuid = {B0FEEE7F-2CF6-4306-89D5-716ECFFEC55A}
	EndGlobalSection
EndGlobal
